
Microsoft Visual Studio Solution File, Format Version 12.00
# Visual Studio Version 17
VisualStudioVersion = 17.6.33829.357
MinimumVisualStudioVersion = 10.0.40219.1
Project("{8BC9CEB8-8B4A-11D0-8D11-00A0C91BC942}") = "2023.7.27常量和宏", "2023.7.27常量和宏\2023.7.27常量和宏.vcxproj", "{60C27AA4-A51F-4892-A207-7D90DC0AD320}"
EndProject
Global
	GlobalSection(SolutionConfigurationPlatforms) = preSolution
		Debug|x64 = Debug|x64
		Debug|x86 = Debug|x86
		Release|x64 = Release|x64
		Release|x86 = Release|x86
	EndGlobalSection
	GlobalSection(ProjectConfigurationPlatforms) = postSolution
		{60C27AA4-A51F-4892-A207-7D90DC0AD320}.Debug|x64.ActiveCfg = Debug|x64
		{60C27AA4-A51F-4892-A207-7D90DC0AD320}.Debug|x64.Build.0 = Debug|x64
		{60C27AA4-A51F-4892-A207-7D90DC0AD320}.Debug|x86.ActiveCfg = Debug|Win32
		{60C27AA4-A51F-4892-A207-7D90DC0AD320}.Debug|x86.Build.0 = Debug|Win32
		{60C27AA4-A51F-4892-A207-7D90DC0AD320}.Release|x64.ActiveCfg = Release|x64
		{60C27AA4-A51F-4892-A207-7D90DC0AD320}.Release|x64.Build.0 = Release|x64
		{60C27AA4-A51F-4892-A207-7D90DC0AD320}.Release|x86.ActiveCfg = Release|Win32
		{60C27AA4-A51F-4892-A207-7D90DC0AD320}.Release|x86.Build.0 = Release|Win32
	EndGlobalSection
	GlobalSection(SolutionProperties) = preSolution
		HideSolutionNode = FALSE
	EndGlobalSection
	GlobalSection(ExtensibilityGlobals) = postSolution
		SolutionGuid = {C878BDB8-7682-4A5D-9459-B50C6E67FB49}
	EndGlobalSection
EndGlobal
